
Microsoft Visual Studio Solution File, Format Version 12.00
# Visual Studio Version 17
VisualStudioVersion = 17.14.37027.9
MinimumVisualStudioVersion = 10.0.40219.1
Project("{FAE04EC0-301F-11D3-BF4B-00C04F79EFBC}") = "TranscodeTools", "TranscodeTools\TranscodeTools.csproj", "{93ABE97F-83AE-F5EC-75CD-DD48DD7D2E3C}"
EndProject
Global
	GlobalSection(SolutionConfigurationPlatforms) = preSolution
		Debug|Any CPU = Debug|Any CPU
		Release|Any CPU = Release|Any CPU
	EndGlobalSection
	GlobalSection(ProjectConfigurationPlatforms) = postSolution
		{93ABE97F-83AE-F5EC-75CD-DD48DD7D2E3C}.Debug|Any CPU.ActiveCfg = Debug|Any CPU
		{93ABE97F-83AE-F5EC-75CD-DD48DD7D2E3C}.Debug|Any CPU.Build.0 = Debug|Any CPU
		{93ABE97F-83AE-F5EC-75CD-DD48DD7D2E3C}.Release|Any CPU.ActiveCfg = Release|Any CPU
		{93ABE97F-83AE-F5EC-75CD-DD48DD7D2E3C}.Release|Any CPU.Build.0 = Release|Any CPU
	EndGlobalSection
	GlobalSection(SolutionProperties) = preSolution
		HideSolutionNode = FALSE
	EndGlobalSection
	GlobalSection(ExtensibilityGlobals) = postSolution
		SolutionGuid = {18BEBBD9-4933-43F5-8DB0-915B8B84E076}
	EndGlobalSection
EndGlobal
